
Microsoft Visual Studio Solution File, Format Version 12.00
# Visual Studio 15
VisualStudioVersion = 15.0.26730.3
MinimumVisualStudioVersion = 10.0.40219.1
Project("{9A19103F-16F7-4668-BE54-9A1E7A4F7556}") = "Cumulus.Monads", "Cumulus.Monads\Cumulus.Monads.csproj", "{035B555D-BB54-4B90-AD99-205526AFE1A4}"
EndProject
Project("{151D2E53-A2C4-4D7D-83FE-D05416EBD58E}") = "CumulusDeploy", "CumulusDeploy\CumulusDeploy.deployproj", "{B5458237-F366-409E-A9AC-B333C3358B42}"
EndProject
Global
	GlobalSection(SolutionConfigurationPlatforms) = preSolution
		Debug|Any CPU = Debug|Any CPU
		Release|Any CPU = Release|Any CPU
	EndGlobalSection
	GlobalSection(ProjectConfigurationPlatforms) = postSolution
		{035B555D-BB54-4B90-AD99-205526AFE1A4}.Debug|Any CPU.ActiveCfg = Debug|Any CPU
		{035B555D-BB54-4B90-AD99-205526AFE1A4}.Debug|Any CPU.Build.0 = Debug|Any CPU
		{035B555D-BB54-4B90-AD99-205526AFE1A4}.Release|Any CPU.ActiveCfg = Release|Any CPU
		{035B555D-BB54-4B90-AD99-205526AFE1A4}.Release|Any CPU.Build.0 = Release|Any CPU
		{B5458237-F366-409E-A9AC-B333C3358B42}.Debug|Any CPU.ActiveCfg = Debug|Any CPU
		{B5458237-F366-409E-A9AC-B333C3358B42}.Debug|Any CPU.Build.0 = Debug|Any CPU
		{B5458237-F366-409E-A9AC-B333C3358B42}.Release|Any CPU.ActiveCfg = Release|Any CPU
		{B5458237-F366-409E-A9AC-B333C3358B42}.Release|Any CPU.Build.0 = Release|Any CPU
	EndGlobalSection
	GlobalSection(SolutionProperties) = preSolution
		HideSolutionNode = FALSE
	EndGlobalSection
	GlobalSection(ExtensibilityGlobals) = postSolution
		SolutionGuid = {E4040840-CBB3-4BEE-8D9B-A46F07F3677E}
	EndGlobalSection
EndGlobal
